
Microsoft Visual Studio Solution File, Format Version 12.00
# Visual Studio Version 17
VisualStudioVersion = 17.6.33829.357
MinimumVisualStudioVersion = 10.0.40219.1
Project("{FAE04EC0-301F-11D3-BF4B-00C04F79EFBC}") = "Assignment", "Assignment\Assignment.csproj", "{8080D5CE-A110-40CE-8709-6ADB6F06DAFF}"
EndProject
Global
	GlobalSection(SolutionConfigurationPlatforms) = preSolution
		Debug|Any CPU = Debug|Any CPU
		Release|Any CPU = Release|Any CPU
	EndGlobalSection
	GlobalSection(ProjectConfigurationPlatforms) = postSolution
		{8080D5CE-A110-40CE-8709-6ADB6F06DAFF}.Debug|Any CPU.ActiveCfg = Debug|Any CPU
		{8080D5CE-A110-40CE-8709-6ADB6F06DAFF}.Debug|Any CPU.Build.0 = Debug|Any CPU
		{8080D5CE-A110-40CE-8709-6ADB6F06DAFF}.Release|Any CPU.ActiveCfg = Release|Any CPU
		{8080D5CE-A110-40CE-8709-6ADB6F06DAFF}.Release|Any CPU.Build.0 = Release|Any CPU
	EndGlobalSection
	GlobalSection(SolutionProperties) = preSolution
		HideSolutionNode = FALSE
	EndGlobalSection
	GlobalSection(ExtensibilityGlobals) = postSolution
		SolutionGuid = {A3C8D55B-2F87-4937-8478-03BA2FF4EC4D}
	EndGlobalSection
EndGlobal
